<?xml version="1.0" encoding="utf-8"?>
<Project ToolsVersion="4.0" xmlns="http://schemas.microsoft.com/developer/msbuild/2003">
  <ItemGroup>
    <Filter Include="Source Files">
      <UniqueIdentifier>{4FC737F1-C7A5-4376-A066-2A32D752A2FF}</UniqueIdentifier>
      <Extensions>cpp;c;cc;cxx;c++;cppm;ixx;def;odl;idl;hpj;bat;asm;asmx</Extensions>
    </Filter>
    <Filter Include="Header Files">
      <UniqueIdentifier>{93995380-89BD-4b04-88EB-625FBE52EBFB}</UniqueIdentifier>
      <Extensions>h;hh;hpp;hxx;h++;hm;inl;inc;ipp;xsd</Extensions>
    </Filter>
    <Filter Include="Resource Files">
      <UniqueIdentifier>{67DA6AB6-F800-4c08-8B7A-83BB121AAD01}</UniqueIdentifier>
      <Extensions>rc;ico;cur;bmp;dlg;rc2;rct;bin;rgs;gif;jpg;jpeg;jpe;resx;tiff;tif;png;wav;mfcribbon-ms</Extensions>
    </Filter>
    <Filter Include="Source Files\app">
      <UniqueIdentifier>{e76d1dc7-4edf-49af-9f02-c67792e19f33}</UniqueIdentifier>
    </Filter>
    <Filter Include="Source Files\gui">
      <UniqueIdentifier>{3d9b552d-7d92-4964-8725-81afaceab398}</UniqueIdentifier>
    </Filter>
    <Filter Include="Header Files\gui">
      <UniqueIdentifier>{c2104c0e-a2af-418e-a666-2d1b41b49042}</UniqueIdentifier>
    </Filter>
    <Filter Include="Header Files\config">
      <UniqueIdentifier>{2ccfbf85-bf4d-495e-9b84-2687026c578c}</UniqueIdentifier>
    </Filter>
    <Filter Include="Source Files\entity">
      <UniqueIdentifier>{e4bd2c84-914c-4e0d-a9a9-c3606d17c53b}</UniqueIdentifier>
    </Filter>
    <Filter Include="Header Files\entity">
      <UniqueIdentifier>{1917f0b9-f01f-41f8-8950-1034baaba4a0}</UniqueIdentifier>
    </Filter>
    <Filter Include="Source Files\utils">
      <UniqueIdentifier>{9ea920e0-ac0f-470d-95e4-f010f98a7eb8}</UniqueIdentifier>
    </Filter>
    <Filter Include="Header Files\utils">
      <UniqueIdentifier>{4d59d5a5-eada-43a5-808d-770aa5fc2819}</UniqueIdentifier>
    </Filter>
    <Filter Include="Header Files\game">
      <UniqueIdentifier>{1a8aecaf-a662-477c-b911-5304500e2dea}</UniqueIdentifier>
    </Filter>
    <Filter Include="Source Files\game">
      <UniqueIdentifier>{f6124c09-a69a-4e81-af58-af5f5e603933}</UniqueIdentifier>
    </Filter>
    <Filter Include="Source Files\hud">
      <UniqueIdentifier>{4da4b1ab-bfc6-42a5-aca5-6c964a6f6d2a}</UniqueIdentifier>
    </Filter>
    <Filter Include="Header Files\hud">
      <UniqueIdentifier>{92cc60e8-02ef-46fb-aa42-378cab053a7a}</UniqueIdentifier>
    </Filter>
  </ItemGroup>
  <ItemGroup>
    <ClCompile Include="Main.cpp">
      <Filter>Source Files\app</Filter>
    </ClCompile>
    <ClCompile Include="GUI.cpp">
      <Filter>Source Files\gui</Filter>
    </ClCompile>
    <ClCompile Include="Player.cpp">
      <Filter>Source Files\entity</Filter>
    </ClCompile>
    <ClCompile Include="InputManager.cpp">
      <Filter>Source Files\utils</Filter>
    </ClCompile>
    <ClCompile Include="Camera.cpp">
      <Filter>Source Files\game</Filter>
    </ClCompile>
    <ClCompile Include="Utils.cpp">
      <Filter>Source Files\utils</Filter>
    </ClCompile>
    <ClCompile Include="MainPanel.cpp">
      <Filter>Source Files\hud</Filter>
    </ClCompile>
    <ClCompile Include="Button.cpp">
      <Filter>Source Files\hud</Filter>
    </ClCompile>
    <ClCompile Include="Panel.cpp">
      <Filter>Source Files\hud</Filter>
    </ClCompile>
    <ClCompile Include="Color.cpp">
      <Filter>Source Files\utils</Filter>
    </ClCompile>
    <ClCompile Include="HudBase.cpp">
      <Filter>Source Files\hud</Filter>
    </ClCompile>
  </ItemGroup>
  <ItemGroup>
    <ClInclude Include="GUI.h">
      <Filter>Header Files\gui</Filter>
    </ClInclude>
    <ClInclude Include="Config.h">
      <Filter>Header Files\config</Filter>
    </ClInclude>
    <ClInclude Include="Player.h">
      <Filter>Header Files\entity</Filter>
    </ClInclude>
    <ClInclude Include="InputManager.h">
      <Filter>Header Files\utils</Filter>
    </ClInclude>
    <ClInclude Include="Camera.h">
      <Filter>Header Files\game</Filter>
    </ClInclude>
    <ClInclude Include="Utils.h">
      <Filter>Header Files\utils</Filter>
    </ClInclude>
    <ClInclude Include="MainPanel.h">
      <Filter>Header Files\hud</Filter>
    </ClInclude>
    <ClInclude Include="Button.h">
      <Filter>Header Files\hud</Filter>
    </ClInclude>
    <ClInclude Include="Panel.h">
      <Filter>Header Files\hud</Filter>
    </ClInclude>
    <ClInclude Include="HudBase.h">
      <Filter>Header Files\hud</Filter>
    </ClInclude>
    <ClInclude Include="Color.h">
      <Filter>Header Files\utils</Filter>
    </ClInclude>
  </ItemGroup>
</Project>